PODS:
  - Alamofire (5.4.2)
  - IQKeyboardManagerSwift (6.5.6)
  - SDWebImage (5.11.0):
    - SDWebImage/Core (= 5.11.0)
  - SDWebImage/Core (5.11.0)

DEPENDENCIES:
  - Alamofire
  - IQKeyboardManagerSwift
  - SDWebImage

SPEC REPOS:
  trunk:
    - Alamofire
    - IQKeyboardManagerSwift
    - SDWebImage

SPEC CHECKSUMS:
  Alamofire: bfbc4c2fe5909b1d94fb4ef2277c6b3727ef5dae
  IQKeyboardManagerSwift: c7df9d2deb356c04522f5c4b7b6e4ce4d8ed94fe
  SDWebImage: 7acbb57630ac7db4a495547fb73916ff3e432f6b

PODFILE CHECKSUM: f02b1b7dd3ca6cddcf3d3cfb581968b440953a45

COCOAPODS: 1.10.1
