// !$*UTF8*$!
{
	archiveVersion = 1;
	classes = {
	};
	objectVersion = 51;
	objects = {

/* Begin PBXBuildFile section */
		7649274E26570A3A00B23245 /* Shop.storyboard in Resources */ = {isa = PBXBuildFile; fileRef = 7649274D26570A3A00B23245 /* Shop.storyboard */; };
		7649275326570B8400B23245 /* Category.storyboard in Resources */ = {isa = PBXBuildFile; fileRef = 7649275226570B8400B23245 /* Category.storyboard */; };
		7649275826570BD000B23245 /* Me.storyboard in Resources */ = {isa = PBXBuildFile; fileRef = 7649275726570BD000B23245 /* Me.storyboard */; };
		76492763265710B900B23245 /* Favourites.storyboard in Resources */ = {isa = PBXBuildFile; fileRef = 76492762265710B900B23245 /* Favourites.storyboard */; };
		76492768265710F000B23245 /* ShoppingBag.storyboard in Resources */ = {isa = PBXBuildFile; fileRef = 76492767265710F000B23245 /* ShoppingBag.storyboard */; };
		769AEF9A2669DFA000D79AD5 /* RegisterTableViewController.swift in Sources */ = {isa = PBXBuildFile; fileRef = 769AEF992669DFA000D79AD5 /* RegisterTableViewController.swift */; };
		769AEFB72669FE4C00D79AD5 /* LoginTableViewController.swift in Sources */ = {isa = PBXBuildFile; fileRef = 769AEFB62669FE4C00D79AD5 /* LoginTableViewController.swift */; };
		76BE68E726586ED600C93F88 /* LoginRegister.storyboard in Resources */ = {isa = PBXBuildFile; fileRef = 76BE68E626586ED600C93F88 /* LoginRegister.storyboard */; };
		76BE68FC2658708900C93F88 /* GoogleService-Info.plist in Resources */ = {isa = PBXBuildFile; fileRef = 76BE68FB2658708900C93F88 /* GoogleService-Info.plist */; };
		76D918C426695F23000E406C /* RegisterViewModel.swift in Sources */ = {isa = PBXBuildFile; fileRef = 76D918C326695F23000E406C /* RegisterViewModel.swift */; };
		76D918CD26695F36000E406C /* LoginViewModel.swift in Sources */ = {isa = PBXBuildFile; fileRef = 76D918CC26695F36000E406C /* LoginViewModel.swift */; };
		9FD3887BCF629E1AE1B942C4 /* Pods_ShopifyApp_ShopifyAppUITests.framework in Frameworks */ = {isa = PBXBuildFile; fileRef = 765D6F3A1516A825D81CE8C4 /* Pods_ShopifyApp_ShopifyAppUITests.framework */; };
		CE9F0EA52E581D3A76C33543 /* Pods_ShopifyAppTests.framework in Frameworks */ = {isa = PBXBuildFile; fileRef = 084C039A3F7AD7FD999EBEC7 /* Pods_ShopifyAppTests.framework */; };
		D37210A82655B81100935F86 /* AppDelegate.swift in Sources */ = {isa = PBXBuildFile; fileRef = D37210A72655B81100935F86 /* AppDelegate.swift */; };
		D37210AF2655B81100935F86 /* Main.storyboard in Resources */ = {isa = PBXBuildFile; fileRef = D37210AD2655B81100935F86 /* Main.storyboard */; };
		D37210B12655B81300935F86 /* Assets.xcassets in Resources */ = {isa = PBXBuildFile; fileRef = D37210B02655B81300935F86 /* Assets.xcassets */; };
		D37210B42655B81300935F86 /* LaunchScreen.storyboard in Resources */ = {isa = PBXBuildFile; fileRef = D37210B22655B81300935F86 /* LaunchScreen.storyboard */; };
		D37210BF2655B81300935F86 /* ShopifyAppTests.swift in Sources */ = {isa = PBXBuildFile; fileRef = D37210BE2655B81300935F86 /* ShopifyAppTests.swift */; };
		D37210CA2655B81300935F86 /* ShopifyAppUITests.swift in Sources */ = {isa = PBXBuildFile; fileRef = D37210C92655B81300935F86 /* ShopifyAppUITests.swift */; };
		D37210E12655B97B00935F86 /* URLs.swift in Sources */ = {isa = PBXBuildFile; fileRef = D37210E02655B97B00935F86 /* URLs.swift */; };
		D37210F02655BA4800935F86 /* NetworkLayer.swift in Sources */ = {isa = PBXBuildFile; fileRef = D37210EF2655BA4800935F86 /* NetworkLayer.swift */; };
		D685EABFF99B8C5D3D468FF4 /* Pods_ShopifyApp.framework in Frameworks */ = {isa = PBXBuildFile; fileRef = 3D93BFD7B1D8DD090D512522 /* Pods_ShopifyApp.framework */; };
/* End PBXBuildFile section */

/* Begin PBXContainerItemProxy section */
		D37210BB2655B81300935F86 /* PBXContainerItemProxy */ = {
			isa = PBXContainerItemProxy;
			containerPortal = D372109C2655B81100935F86 /* Project object */;
			proxyType = 1;
			remoteGlobalIDString = D37210A32655B81100935F86;
			remoteInfo = ShopifyApp;
		};
		D37210C62655B81300935F86 /* PBXContainerItemProxy */ = {
			isa = PBXContainerItemProxy;
			containerPortal = D372109C2655B81100935F86 /* Project object */;
			proxyType = 1;
			remoteGlobalIDString = D37210A32655B81100935F86;
			remoteInfo = ShopifyApp;
		};
/* End PBXContainerItemProxy section */

/* Begin PBXFileReference section */
		084C039A3F7AD7FD999EBEC7 /* Pods_ShopifyAppTests.framework */ = {isa = PBXFileReference; explicitFileType = wrapper.framework; includeInIndex = 0; path = Pods_ShopifyAppTests.framework; sourceTree = BUILT_PRODUCTS_DIR; };
		3D93BFD7B1D8DD090D512522 /* Pods_ShopifyApp.framework */ = {isa = PBXFileReference; explicitFileType = wrapper.framework; includeInIndex = 0; path = Pods_ShopifyApp.framework; sourceTree = BUILT_PRODUCTS_DIR; };
		71066BE45E12FF94E7039064 /* Pods-ShopifyApp.release.xcconfig */ = {isa = PBXFileReference; includeInIndex = 1; lastKnownFileType = text.xcconfig; name = "Pods-ShopifyApp.release.xcconfig"; path = "Target Support Files/Pods-ShopifyApp/Pods-ShopifyApp.release.xcconfig"; sourceTree = "<group>"; };
		7649274D26570A3A00B23245 /* Shop.storyboard */ = {isa = PBXFileReference; lastKnownFileType = file.storyboard; path = Shop.storyboard; sourceTree = "<group>"; };
		7649275226570B8400B23245 /* Category.storyboard */ = {isa = PBXFileReference; lastKnownFileType = file.storyboard; path = Category.storyboard; sourceTree = "<group>"; };
		7649275726570BD000B23245 /* Me.storyboard */ = {isa = PBXFileReference; lastKnownFileType = file.storyboard; path = Me.storyboard; sourceTree = "<group>"; };
		76492762265710B900B23245 /* Favourites.storyboard */ = {isa = PBXFileReference; lastKnownFileType = file.storyboard; path = Favourites.storyboard; sourceTree = "<group>"; };
		76492767265710F000B23245 /* ShoppingBag.storyboard */ = {isa = PBXFileReference; lastKnownFileType = file.storyboard; path = ShoppingBag.storyboard; sourceTree = "<group>"; };
		765D6F3A1516A825D81CE8C4 /* Pods_ShopifyApp_ShopifyAppUITests.framework */ = {isa = PBXFileReference; explicitFileType = wrapper.framework; includeInIndex = 0; path = Pods_ShopifyApp_ShopifyAppUITests.framework; sourceTree = BUILT_PRODUCTS_DIR; };
		769AEF992669DFA000D79AD5 /* RegisterTableViewController.swift */ = {isa = PBXFileReference; lastKnownFileType = sourcecode.swift; path = RegisterTableViewController.swift; sourceTree = "<group>"; };
		769AEFB62669FE4C00D79AD5 /* LoginTableViewController.swift */ = {isa = PBXFileReference; lastKnownFileType = sourcecode.swift; path = LoginTableViewController.swift; sourceTree = "<group>"; };
		76BE68E626586ED600C93F88 /* LoginRegister.storyboard */ = {isa = PBXFileReference; lastKnownFileType = file.storyboard; path = LoginRegister.storyboard; sourceTree = "<group>"; };
		76BE68FB2658708900C93F88 /* GoogleService-Info.plist */ = {isa = PBXFileReference; fileEncoding = 4; lastKnownFileType = text.plist.xml; path = "GoogleService-Info.plist"; sourceTree = "<group>"; };
		76D918C326695F23000E406C /* RegisterViewModel.swift */ = {isa = PBXFileReference; lastKnownFileType = sourcecode.swift; path = RegisterViewModel.swift; sourceTree = "<group>"; };
		76D918CC26695F36000E406C /* LoginViewModel.swift */ = {isa = PBXFileReference; lastKnownFileType = sourcecode.swift; path = LoginViewModel.swift; sourceTree = "<group>"; };
		78535481158D8E91529DF7D1 /* Pods-ShopifyAppTests.debug.xcconfig */ = {isa = PBXFileReference; includeInIndex = 1; lastKnownFileType = text.xcconfig; name = "Pods-ShopifyAppTests.debug.xcconfig"; path = "Target Support Files/Pods-ShopifyAppTests/Pods-ShopifyAppTests.debug.xcconfig"; sourceTree = "<group>"; };
		85036CC28D5579779AED4E59 /* Pods-ShopifyApp.debug.xcconfig */ = {isa = PBXFileReference; includeInIndex = 1; lastKnownFileType = text.xcconfig; name = "Pods-ShopifyApp.debug.xcconfig"; path = "Target Support Files/Pods-ShopifyApp/Pods-ShopifyApp.debug.xcconfig"; sourceTree = "<group>"; };
		A5D74218A6BD87316BB8F71D /* Pods-ShopifyApp-ShopifyAppUITests.release.xcconfig */ = {isa = PBXFileReference; includeInIndex = 1; lastKnownFileType = text.xcconfig; name = "Pods-ShopifyApp-ShopifyAppUITests.release.xcconfig"; path = "Target Support Files/Pods-ShopifyApp-ShopifyAppUITests/Pods-ShopifyApp-ShopifyAppUITests.release.xcconfig"; sourceTree = "<group>"; };
		ACD3D1608BE6D0B2B978E020 /* Pods-ShopifyAppTests.release.xcconfig */ = {isa = PBXFileReference; includeInIndex = 1; lastKnownFileType = text.xcconfig; name = "Pods-ShopifyAppTests.release.xcconfig"; path = "Target Support Files/Pods-ShopifyAppTests/Pods-ShopifyAppTests.release.xcconfig"; sourceTree = "<group>"; };
		C6C66D5016C09C7613674918 /* Pods-ShopifyApp-ShopifyAppUITests.debug.xcconfig */ = {isa = PBXFileReference; includeInIndex = 1; lastKnownFileType = text.xcconfig; name = "Pods-ShopifyApp-ShopifyAppUITests.debug.xcconfig"; path = "Target Support Files/Pods-ShopifyApp-ShopifyAppUITests/Pods-ShopifyApp-ShopifyAppUITests.debug.xcconfig"; sourceTree = "<group>"; };
		D37210A42655B81100935F86 /* ShopifyApp.app */ = {isa = PBXFileReference; explicitFileType = wrapper.application; includeInIndex = 0; path = ShopifyApp.app; sourceTree = BUILT_PRODUCTS_DIR; };
		D37210A72655B81100935F86 /* AppDelegate.swift */ = {isa = PBXFileReference; lastKnownFileType = sourcecode.swift; path = AppDelegate.swift; sourceTree = "<group>"; };
		D37210AE2655B81100935F86 /* Base */ = {isa = PBXFileReference; lastKnownFileType = file.storyboard; name = Base; path = Base.lproj/Main.storyboard; sourceTree = "<group>"; };
		D37210B02655B81300935F86 /* Assets.xcassets */ = {isa = PBXFileReference; lastKnownFileType = folder.assetcatalog; path = Assets.xcassets; sourceTree = "<group>"; };
		D37210B32655B81300935F86 /* Base */ = {isa = PBXFileReference; lastKnownFileType = file.storyboard; name = Base; path = Base.lproj/LaunchScreen.storyboard; sourceTree = "<group>"; };
		D37210B52655B81300935F86 /* Info.plist */ = {isa = PBXFileReference; lastKnownFileType = text.plist.xml; path = Info.plist; sourceTree = "<group>"; };
		D37210BA2655B81300935F86 /* ShopifyAppTests.xctest */ = {isa = PBXFileReference; explicitFileType = wrapper.cfbundle; includeInIndex = 0; path = ShopifyAppTests.xctest; sourceTree = BUILT_PRODUCTS_DIR; };
		D37210BE2655B81300935F86 /* ShopifyAppTests.swift */ = {isa = PBXFileReference; lastKnownFileType = sourcecode.swift; path = ShopifyAppTests.swift; sourceTree = "<group>"; };
		D37210C02655B81300935F86 /* Info.plist */ = {isa = PBXFileReference; lastKnownFileType = text.plist.xml; path = Info.plist; sourceTree = "<group>"; };
		D37210C52655B81300935F86 /* ShopifyAppUITests.xctest */ = {isa = PBXFileReference; explicitFileType = wrapper.cfbundle; includeInIndex = 0; path = ShopifyAppUITests.xctest; sourceTree = BUILT_PRODUCTS_DIR; };
		D37210C92655B81300935F86 /* ShopifyAppUITests.swift */ = {isa = PBXFileReference; lastKnownFileType = sourcecode.swift; path = ShopifyAppUITests.swift; sourceTree = "<group>"; };
		D37210CB2655B81300935F86 /* Info.plist */ = {isa = PBXFileReference; lastKnownFileType = text.plist.xml; path = Info.plist; sourceTree = "<group>"; };
		D37210E02655B97B00935F86 /* URLs.swift */ = {isa = PBXFileReference; lastKnownFileType = sourcecode.swift; path = URLs.swift; sourceTree = "<group>"; };
		D37210EF2655BA4800935F86 /* NetworkLayer.swift */ = {isa = PBXFileReference; lastKnownFileType = sourcecode.swift; path = NetworkLayer.swift; sourceTree = "<group>"; };
/* End PBXFileReference section */

/* Begin PBXFrameworksBuildPhase section */
		D37210A12655B81100935F86 /* Frameworks */ = {
			isa = PBXFrameworksBuildPhase;
			buildActionMask = 2147483647;
			files = (
				D685EABFF99B8C5D3D468FF4 /* Pods_ShopifyApp.framework in Frameworks */,
			);
			runOnlyForDeploymentPostprocessing = 0;
		};
		D37210B72655B81300935F86 /* Frameworks */ = {
			isa = PBXFrameworksBuildPhase;
			buildActionMask = 2147483647;
			files = (
				CE9F0EA52E581D3A76C33543 /* Pods_ShopifyAppTests.framework in Frameworks */,
			);
			runOnlyForDeploymentPostprocessing = 0;
		};
		D37210C22655B81300935F86 /* Frameworks */ = {
			isa = PBXFrameworksBuildPhase;
			buildActionMask = 2147483647;
			files = (
				9FD3887BCF629E1AE1B942C4 /* Pods_ShopifyApp_ShopifyAppUITests.framework in Frameworks */,
			);
			runOnlyForDeploymentPostprocessing = 0;
		};
/* End PBXFrameworksBuildPhase section */

/* Begin PBXGroup section */
		764927792657190300B23245 /* Shop */ = {
			isa = PBXGroup;
			children = (
			);
			path = Shop;
			sourceTree = "<group>";
		};
		7649277A2657190E00B23245 /* ShoppingBag */ = {
			isa = PBXGroup;
			children = (
			);
			path = ShoppingBag;
			sourceTree = "<group>";
		};
		7649277B2657191600B23245 /* Favourites */ = {
			isa = PBXGroup;
			children = (
			);
			path = Favourites;
			sourceTree = "<group>";
		};
		7649277C2657191F00B23245 /* Gategory */ = {
			isa = PBXGroup;
			children = (
			);
			path = Gategory;
			sourceTree = "<group>";
		};
		7649277D2657192D00B23245 /* Me */ = {
			isa = PBXGroup;
			children = (
			);
			path = Me;
			sourceTree = "<group>";
		};
		767CEAFB0C613C07FC91846F /* Frameworks */ = {
			isa = PBXGroup;
			children = (
				3D93BFD7B1D8DD090D512522 /* Pods_ShopifyApp.framework */,
				765D6F3A1516A825D81CE8C4 /* Pods_ShopifyApp_ShopifyAppUITests.framework */,
				084C039A3F7AD7FD999EBEC7 /* Pods_ShopifyAppTests.framework */,
			);
			name = Frameworks;
			sourceTree = "<group>";
		};
		76BE68EC26586F0C00C93F88 /* Login  */ = {
			isa = PBXGroup;
			children = (
				769AEFB62669FE4C00D79AD5 /* LoginTableViewController.swift */,
			);
			path = "Login ";
			sourceTree = "<group>";
		};
		76BE68ED26586F2B00C93F88 /* Register  */ = {
			isa = PBXGroup;
			children = (
				769AEF992669DFA000D79AD5 /* RegisterTableViewController.swift */,
			);
			path = "Register ";
			sourceTree = "<group>";
		};
		76D918C126695EFF000E406C /* LoginViewModel */ = {
			isa = PBXGroup;
			children = (
				76D918CC26695F36000E406C /* LoginViewModel.swift */,
			);
			path = LoginViewModel;
			sourceTree = "<group>";
		};
		76D918C226695F0D000E406C /* RegisterViewModel */ = {
			isa = PBXGroup;
			children = (
				76D918C326695F23000E406C /* RegisterViewModel.swift */,
			);
			path = RegisterViewModel;
			sourceTree = "<group>";
		};
		D372109B2655B81100935F86 = {
			isa = PBXGroup;
			children = (
				D37210A62655B81100935F86 /* ShopifyApp */,
				D37210BD2655B81300935F86 /* ShopifyAppTests */,
				D37210C82655B81300935F86 /* ShopifyAppUITests */,
				D37210A52655B81100935F86 /* Products */,
				F013673DF402C9F4033A290A /* Pods */,
				767CEAFB0C613C07FC91846F /* Frameworks */,
			);
			sourceTree = "<group>";
		};
		D37210A52655B81100935F86 /* Products */ = {
			isa = PBXGroup;
			children = (
				D37210A42655B81100935F86 /* ShopifyApp.app */,
				D37210BA2655B81300935F86 /* ShopifyAppTests.xctest */,
				D37210C52655B81300935F86 /* ShopifyAppUITests.xctest */,
			);
			name = Products;
			sourceTree = "<group>";
		};
		D37210A62655B81100935F86 /* ShopifyApp */ = {
			isa = PBXGroup;
			children = (
				D37210DD2655B93400935F86 /* DataClass */,
				D37210DA2655B8FE00935F86 /* Models */,
				D37210DB2655B90F00935F86 /* Views */,
				D37210DC2655B91900935F86 /* ViewModels */,
				D37210DE2655B95500935F86 /* Constants */,
				D37210A72655B81100935F86 /* AppDelegate.swift */,
				D37210B02655B81300935F86 /* Assets.xcassets */,
				D37210B52655B81300935F86 /* Info.plist */,
				76BE68FB2658708900C93F88 /* GoogleService-Info.plist */,
			);
			path = ShopifyApp;
			sourceTree = "<group>";
		};
		D37210BD2655B81300935F86 /* ShopifyAppTests */ = {
			isa = PBXGroup;
			children = (
				D37210BE2655B81300935F86 /* ShopifyAppTests.swift */,
				D37210C02655B81300935F86 /* Info.plist */,
			);
			path = ShopifyAppTests;
			sourceTree = "<group>";
		};
		D37210C82655B81300935F86 /* ShopifyAppUITests */ = {
			isa = PBXGroup;
			children = (
				D37210C92655B81300935F86 /* ShopifyAppUITests.swift */,
				D37210CB2655B81300935F86 /* Info.plist */,
			);
			path = ShopifyAppUITests;
			sourceTree = "<group>";
		};
		D37210DA2655B8FE00935F86 /* Models */ = {
			isa = PBXGroup;
			children = (
				D37210ED2655BA1E00935F86 /* NetworkLayer */,
			);
			path = Models;
			sourceTree = "<group>";
		};
		D37210DB2655B90F00935F86 /* Views */ = {
			isa = PBXGroup;
			children = (
				D37210E92655B9CC00935F86 /* Storyboards */,
				D37210E82655B9AB00935F86 /* ViewControllers */,
			);
			path = Views;
			sourceTree = "<group>";
		};
		D37210DC2655B91900935F86 /* ViewModels */ = {
			isa = PBXGroup;
			children = (
				76D918C226695F0D000E406C /* RegisterViewModel */,
				76D918C126695EFF000E406C /* LoginViewModel */,
			);
			path = ViewModels;
			sourceTree = "<group>";
		};
		D37210DD2655B93400935F86 /* DataClass */ = {
			isa = PBXGroup;
			children = (
			);
			path = DataClass;
			sourceTree = "<group>";
		};
		D37210DE2655B95500935F86 /* Constants */ = {
			isa = PBXGroup;
			children = (
				D37210DF2655B96100935F86 /* URLs */,
			);
			path = Constants;
			sourceTree = "<group>";
		};
		D37210DF2655B96100935F86 /* URLs */ = {
			isa = PBXGroup;
			children = (
				D37210E02655B97B00935F86 /* URLs.swift */,
			);
			path = URLs;
			sourceTree = "<group>";
		};
		D37210E82655B9AB00935F86 /* ViewControllers */ = {
			isa = PBXGroup;
			children = (
				76BE68ED26586F2B00C93F88 /* Register  */,
				76BE68EC26586F0C00C93F88 /* Login  */,
				764927792657190300B23245 /* Shop */,
				7649277C2657191F00B23245 /* Gategory */,
				7649277D2657192D00B23245 /* Me */,
				7649277B2657191600B23245 /* Favourites */,
				7649277A2657190E00B23245 /* ShoppingBag */,
			);
			path = ViewControllers;
			sourceTree = "<group>";
		};
		D37210E92655B9CC00935F86 /* Storyboards */ = {
			isa = PBXGroup;
			children = (
				D37210AD2655B81100935F86 /* Main.storyboard */,
				D37210B22655B81300935F86 /* LaunchScreen.storyboard */,
				7649274D26570A3A00B23245 /* Shop.storyboard */,
				7649275226570B8400B23245 /* Category.storyboard */,
				7649275726570BD000B23245 /* Me.storyboard */,
				76492762265710B900B23245 /* Favourites.storyboard */,
				76492767265710F000B23245 /* ShoppingBag.storyboard */,
				76BE68E626586ED600C93F88 /* LoginRegister.storyboard */,
			);
			path = Storyboards;
			sourceTree = "<group>";
		};
		D37210ED2655BA1E00935F86 /* NetworkLayer */ = {
			isa = PBXGroup;
			children = (
				D37210EF2655BA4800935F86 /* NetworkLayer.swift */,
			);
			path = NetworkLayer;
			sourceTree = "<group>";
		};
		F013673DF402C9F4033A290A /* Pods */ = {
			isa = PBXGroup;
			children = (
				85036CC28D5579779AED4E59 /* Pods-ShopifyApp.debug.xcconfig */,
				71066BE45E12FF94E7039064 /* Pods-ShopifyApp.release.xcconfig */,
				C6C66D5016C09C7613674918 /* Pods-ShopifyApp-ShopifyAppUITests.debug.xcconfig */,
				A5D74218A6BD87316BB8F71D /* Pods-ShopifyApp-ShopifyAppUITests.release.xcconfig */,
				78535481158D8E91529DF7D1 /* Pods-ShopifyAppTests.debug.xcconfig */,
				ACD3D1608BE6D0B2B978E020 /* Pods-ShopifyAppTests.release.xcconfig */,
			);
			path = Pods;
			sourceTree = "<group>";
		};
/* End PBXGroup section */

/* Begin PBXNativeTarget section */
		D37210A32655B81100935F86 /* ShopifyApp */ = {
			isa = PBXNativeTarget;
			buildConfigurationList = D37210CE2655B81300935F86 /* Build configuration list for PBXNativeTarget "ShopifyApp" */;
			buildPhases = (
				2143983A741E5115CB68CB62 /* [CP] Check Pods Manifest.lock */,
				D37210A02655B81100935F86 /* Sources */,
				D37210A12655B81100935F86 /* Frameworks */,
				D37210A22655B81100935F86 /* Resources */,
				7C7D1470276A0D80554F0A1C /* [CP] Embed Pods Frameworks */,
				BD40AAA1AB50DA699DBEFC62 /* [CP] Copy Pods Resources */,
			);
			buildRules = (
			);
			dependencies = (
			);
			name = ShopifyApp;
			productName = ShopifyApp;
			productReference = D37210A42655B81100935F86 /* ShopifyApp.app */;
			productType = "com.apple.product-type.application";
		};
		D37210B92655B81300935F86 /* ShopifyAppTests */ = {
			isa = PBXNativeTarget;
			buildConfigurationList = D37210D12655B81300935F86 /* Build configuration list for PBXNativeTarget "ShopifyAppTests" */;
			buildPhases = (
				44ACD19F06B8B401C7CA5187 /* [CP] Check Pods Manifest.lock */,
				D37210B62655B81300935F86 /* Sources */,
				D37210B72655B81300935F86 /* Frameworks */,
				D37210B82655B81300935F86 /* Resources */,
			);
			buildRules = (
			);
			dependencies = (
				D37210BC2655B81300935F86 /* PBXTargetDependency */,
			);
			name = ShopifyAppTests;
			productName = ShopifyAppTests;
			productReference = D37210BA2655B81300935F86 /* ShopifyAppTests.xctest */;
			productType = "com.apple.product-type.bundle.unit-test";
		};
		D37210C42655B81300935F86 /* ShopifyAppUITests */ = {
			isa = PBXNativeTarget;
			buildConfigurationList = D37210D42655B81300935F86 /* Build configuration list for PBXNativeTarget "ShopifyAppUITests" */;
			buildPhases = (
				51C032F71B60EE92EF1A1F58 /* [CP] Check Pods Manifest.lock */,
				D37210C12655B81300935F86 /* Sources */,
				D37210C22655B81300935F86 /* Frameworks */,
				D37210C32655B81300935F86 /* Resources */,
				750581943C8DFA8E87A4C6A9 /* [CP] Embed Pods Frameworks */,
				1CF3E1BBCB77D861F43B8D71 /* [CP] Copy Pods Resources */,
			);
			buildRules = (
			);
			dependencies = (
				D37210C72655B81300935F86 /* PBXTargetDependency */,
			);
			name = ShopifyAppUITests;
			productName = ShopifyAppUITests;
			productReference = D37210C52655B81300935F86 /* ShopifyAppUITests.xctest */;
			productType = "com.apple.product-type.bundle.ui-testing";
		};
/* End PBXNativeTarget section */

/* Begin PBXProject section */
		D372109C2655B81100935F86 /* Project object */ = {
			isa = PBXProject;
			attributes = {
				LastSwiftUpdateCheck = 1220;
				LastUpgradeCheck = 1220;
				TargetAttributes = {
					D37210A32655B81100935F86 = {
						CreatedOnToolsVersion = 12.2;
					};
					D37210B92655B81300935F86 = {
						CreatedOnToolsVersion = 12.2;
						TestTargetID = D37210A32655B81100935F86;
					};
					D37210C42655B81300935F86 = {
						CreatedOnToolsVersion = 12.2;
						TestTargetID = D37210A32655B81100935F86;
					};
				};
			};
			buildConfigurationList = D372109F2655B81100935F86 /* Build configuration list for PBXProject "ShopifyApp" */;
			compatibilityVersion = "Xcode 9.3";
			developmentRegion = en;
			hasScannedForEncodings = 0;
			knownRegions = (
				en,
				Base,
			);
			mainGroup = D372109B2655B81100935F86;
			productRefGroup = D37210A52655B81100935F86 /* Products */;
			projectDirPath = "";
			projectRoot = "";
			targets = (
				D37210A32655B81100935F86 /* ShopifyApp */,
				D37210B92655B81300935F86 /* ShopifyAppTests */,
				D37210C42655B81300935F86 /* ShopifyAppUITests */,
			);
		};
/* End PBXProject section */

/* Begin PBXResourcesBuildPhase section */
		D37210A22655B81100935F86 /* Resources */ = {
			isa = PBXResourcesBuildPhase;
			buildActionMask = 2147483647;
			files = (
				7649275326570B8400B23245 /* Category.storyboard in Resources */,
				76BE68E726586ED600C93F88 /* LoginRegister.storyboard in Resources */,
				7649274E26570A3A00B23245 /* Shop.storyboard in Resources */,
				7649275826570BD000B23245 /* Me.storyboard in Resources */,
				76492763265710B900B23245 /* Favourites.storyboard in Resources */,
				D37210B42655B81300935F86 /* LaunchScreen.storyboard in Resources */,
				D37210B12655B81300935F86 /* Assets.xcassets in Resources */,
				76BE68FC2658708900C93F88 /* GoogleService-Info.plist in Resources */,
				D37210AF2655B81100935F86 /* Main.storyboard in Resources */,
				76492768265710F000B23245 /* ShoppingBag.storyboard in Resources */,
			);
			runOnlyForDeploymentPostprocessing = 0;
		};
		D37210B82655B81300935F86 /* Resources */ = {
			isa = PBXResourcesBuildPhase;
			buildActionMask = 2147483647;
			files = (
			);
			runOnlyForDeploymentPostprocessing = 0;
		};
		D37210C32655B81300935F86 /* Resources */ = {
			isa = PBXResourcesBuildPhase;
			buildActionMask = 2147483647;
			files = (
			);
			runOnlyForDeploymentPostprocessing = 0;
		};
/* End PBXResourcesBuildPhase section */

/* Begin PBXShellScriptBuildPhase section */
		1CF3E1BBCB77D861F43B8D71 /* [CP] Copy Pods Resources */ = {
			isa = PBXShellScriptBuildPhase;
			buildActionMask = 2147483647;
			files = (
			);
			inputFileListPaths = (
				"${PODS_ROOT}/Target Support Files/Pods-ShopifyApp-ShopifyAppUITests/Pods-ShopifyApp-ShopifyAppUITests-resources-${CONFIGURATION}-input-files.xcfilelist",
			);
			name = "[CP] Copy Pods Resources";
			outputFileListPaths = (
				"${PODS_ROOT}/Target Support Files/Pods-ShopifyApp-ShopifyAppUITests/Pods-ShopifyApp-ShopifyAppUITests-resources-${CONFIGURATION}-output-files.xcfilelist",
			);
			runOnlyForDeploymentPostprocessing = 0;
			shellPath = /bin/sh;
			shellScript = "\"${PODS_ROOT}/Target Support Files/Pods-ShopifyApp-ShopifyAppUITests/Pods-ShopifyApp-ShopifyAppUITests-resources.sh\"\n";
			showEnvVarsInLog = 0;
		};
		2143983A741E5115CB68CB62 /* [CP] Check Pods Manifest.lock */ = {
			isa = PBXShellScriptBuildPhase;
			buildActionMask = 2147483647;
			files = (
			);
			inputFileListPaths = (
			);
			inputPaths = (
				"${PODS_PODFILE_DIR_PATH}/Podfile.lock",
				"${PODS_ROOT}/Manifest.lock",
			);
			name = "[CP] Check Pods Manifest.lock";
			outputFileListPaths = (
			);
			outputPaths = (
				"$(DERIVED_FILE_DIR)/Pods-ShopifyApp-checkManifestLockResult.txt",
			);
			runOnlyForDeploymentPostprocessing = 0;
			shellPath = /bin/sh;
			shellScript = "diff \"${PODS_PODFILE_DIR_PATH}/Podfile.lock\" \"${PODS_ROOT}/Manifest.lock\" > /dev/null\nif [ $? != 0 ] ; then\n    # print error to STDERR\n    echo \"error: The sandbox is not in sync with the Podfile.lock. Run 'pod install' or update your CocoaPods installation.\" >&2\n    exit 1\nfi\n# This output is used by Xcode 'outputs' to avoid re-running this script phase.\necho \"SUCCESS\" > \"${SCRIPT_OUTPUT_FILE_0}\"\n";
			showEnvVarsInLog = 0;
		};
		44ACD19F06B8B401C7CA5187 /* [CP] Check Pods Manifest.lock */ = {
			isa = PBXShellScriptBuildPhase;
			buildActionMask = 2147483647;
			files = (
			);
			inputFileListPaths = (
			);
			inputPaths = (
				"${PODS_PODFILE_DIR_PATH}/Podfile.lock",
				"${PODS_ROOT}/Manifest.lock",
			);
			name = "[CP] Check Pods Manifest.lock";
			outputFileListPaths = (
			);
			outputPaths = (
				"$(DERIVED_FILE_DIR)/Pods-ShopifyAppTests-checkManifestLockResult.txt",
			);
			runOnlyForDeploymentPostprocessing = 0;
			shellPath = /bin/sh;
			shellScript = "diff \"${PODS_PODFILE_DIR_PATH}/Podfile.lock\" \"${PODS_ROOT}/Manifest.lock\" > /dev/null\nif [ $? != 0 ] ; then\n    # print error to STDERR\n    echo \"error: The sandbox is not in sync with the Podfile.lock. Run 'pod install' or update your CocoaPods installation.\" >&2\n    exit 1\nfi\n# This output is used by Xcode 'outputs' to avoid re-running this script phase.\necho \"SUCCESS\" > \"${SCRIPT_OUTPUT_FILE_0}\"\n";
			showEnvVarsInLog = 0;
		};
		51C032F71B60EE92EF1A1F58 /* [CP] Check Pods Manifest.lock */ = {
			isa = PBXShellScriptBuildPhase;
			buildActionMask = 2147483647;
			files = (
			);
			inputFileListPaths = (
			);
			inputPaths = (
				"${PODS_PODFILE_DIR_PATH}/Podfile.lock",
				"${PODS_ROOT}/Manifest.lock",
			);
			name = "[CP] Check Pods Manifest.lock";
			outputFileListPaths = (
			);
			outputPaths = (
				"$(DERIVED_FILE_DIR)/Pods-ShopifyApp-ShopifyAppUITests-checkManifestLockResult.txt",
			);
			runOnlyForDeploymentPostprocessing = 0;
			shellPath = /bin/sh;
			shellScript = "diff \"${PODS_PODFILE_DIR_PATH}/Podfile.lock\" \"${PODS_ROOT}/Manifest.lock\" > /dev/null\nif [ $? != 0 ] ; then\n    # print error to STDERR\n    echo \"error: The sandbox is not in sync with the Podfile.lock. Run 'pod install' or update your CocoaPods installation.\" >&2\n    exit 1\nfi\n# This output is used by Xcode 'outputs' to avoid re-running this script phase.\necho \"SUCCESS\" > \"${SCRIPT_OUTPUT_FILE_0}\"\n";
			showEnvVarsInLog = 0;
		};
		750581943C8DFA8E87A4C6A9 /* [CP] Embed Pods Frameworks */ = {
			isa = PBXShellScriptBuildPhase;
			buildActionMask = 2147483647;
			files = (
			);
			inputFileListPaths = (
				"${PODS_ROOT}/Target Support Files/Pods-ShopifyApp-ShopifyAppUITests/Pods-ShopifyApp-ShopifyAppUITests-frameworks-${CONFIGURATION}-input-files.xcfilelist",
			);
			name = "[CP] Embed Pods Frameworks";
			outputFileListPaths = (
				"${PODS_ROOT}/Target Support Files/Pods-ShopifyApp-ShopifyAppUITests/Pods-ShopifyApp-ShopifyAppUITests-frameworks-${CONFIGURATION}-output-files.xcfilelist",
			);
			runOnlyForDeploymentPostprocessing = 0;
			shellPath = /bin/sh;
			shellScript = "\"${PODS_ROOT}/Target Support Files/Pods-ShopifyApp-ShopifyAppUITests/Pods-ShopifyApp-ShopifyAppUITests-frameworks.sh\"\n";
			showEnvVarsInLog = 0;
		};
		7C7D1470276A0D80554F0A1C /* [CP] Embed Pods Frameworks */ = {
			isa = PBXShellScriptBuildPhase;
			buildActionMask = 2147483647;
			files = (
			);
			inputFileListPaths = (
				"${PODS_ROOT}/Target Support Files/Pods-ShopifyApp/Pods-ShopifyApp-frameworks-${CONFIGURATION}-input-files.xcfilelist",
			);
			name = "[CP] Embed Pods Frameworks";
			outputFileListPaths = (
				"${PODS_ROOT}/Target Support Files/Pods-ShopifyApp/Pods-ShopifyApp-frameworks-${CONFIGURATION}-output-files.xcfilelist",
			);
			runOnlyForDeploymentPostprocessing = 0;
			shellPath = /bin/sh;
			shellScript = "\"${PODS_ROOT}/Target Support Files/Pods-ShopifyApp/Pods-ShopifyApp-frameworks.sh\"\n";
			showEnvVarsInLog = 0;
		};
		BD40AAA1AB50DA699DBEFC62 /* [CP] Copy Pods Resources */ = {
			isa = PBXShellScriptBuildPhase;
			buildActionMask = 2147483647;
			files = (
			);
			inputFileListPaths = (
				"${PODS_ROOT}/Target Support Files/Pods-ShopifyApp/Pods-ShopifyApp-resources-${CONFIGURATION}-input-files.xcfilelist",
			);
			name = "[CP] Copy Pods Resources";
			outputFileListPaths = (
				"${PODS_ROOT}/Target Support Files/Pods-ShopifyApp/Pods-ShopifyApp-resources-${CONFIGURATION}-output-files.xcfilelist",
			);
			runOnlyForDeploymentPostprocessing = 0;
			shellPath = /bin/sh;
			shellScript = "\"${PODS_ROOT}/Target Support Files/Pods-ShopifyApp/Pods-ShopifyApp-resources.sh\"\n";
			showEnvVarsInLog = 0;
		};
/* End PBXShellScriptBuildPhase section */

/* Begin PBXSourcesBuildPhase section */
		D37210A02655B81100935F86 /* Sources */ = {
			isa = PBXSourcesBuildPhase;
			buildActionMask = 2147483647;
			files = (
				769AEF9A2669DFA000D79AD5 /* RegisterTableViewController.swift in Sources */,
				D37210F02655BA4800935F86 /* NetworkLayer.swift in Sources */,
				769AEFB72669FE4C00D79AD5 /* LoginTableViewController.swift in Sources */,
				76D918C426695F23000E406C /* RegisterViewModel.swift in Sources */,
				D37210A82655B81100935F86 /* AppDelegate.swift in Sources */,
				D37210E12655B97B00935F86 /* URLs.swift in Sources */,
				76D918CD26695F36000E406C /* LoginViewModel.swift in Sources */,
			);
			runOnlyForDeploymentPostprocessing = 0;
		};
		D37210B62655B81300935F86 /* Sources */ = {
			isa = PBXSourcesBuildPhase;
			buildActionMask = 2147483647;
			files = (
				D37210BF2655B81300935F86 /* ShopifyAppTests.swift in Sources */,
			);
			runOnlyForDeploymentPostprocessing = 0;
		};
		D37210C12655B81300935F86 /* Sources */ = {
			isa = PBXSourcesBuildPhase;
			buildActionMask = 2147483647;
			files = (
				D37210CA2655B81300935F86 /* ShopifyAppUITests.swift in Sources */,
			);
			runOnlyForDeploymentPostprocessing = 0;
		};
/* End PBXSourcesBuildPhase section */

/* Begin PBXTargetDependency section */
		D37210BC2655B81300935F86 /* PBXTargetDependency */ = {
			isa = PBXTargetDependency;
			target = D37210A32655B81100935F86 /* ShopifyApp */;
			targetProxy = D37210BB2655B81300935F86 /* PBXContainerItemProxy */;
		};
		D37210C72655B81300935F86 /* PBXTargetDependency */ = {
			isa = PBXTargetDependency;
			target = D37210A32655B81100935F86 /* ShopifyApp */;
			targetProxy = D37210C62655B81300935F86 /* PBXContainerItemProxy */;
		};
/* End PBXTargetDependency section */

/* Begin PBXVariantGroup section */
		D37210AD2655B81100935F86 /* Main.storyboard */ = {
			isa = PBXVariantGroup;
			children = (
				D37210AE2655B81100935F86 /* Base */,
			);
			name = Main.storyboard;
			sourceTree = "<group>";
		};
		D37210B22655B81300935F86 /* LaunchScreen.storyboard */ = {
			isa = PBXVariantGroup;
			children = (
				D37210B32655B81300935F86 /* Base */,
			);
			name = LaunchScreen.storyboard;
			sourceTree = "<group>";
		};
/* End PBXVariantGroup section */

/* Begin XCBuildConfiguration section */
		D37210CC2655B81300935F86 /* Debug */ = {
			isa = XCBuildConfiguration;
			buildSettings = {
				ALWAYS_SEARCH_USER_PATHS = NO;
				CLANG_ANALYZER_NONNULL = YES;
				CLANG_ANALYZER_NUMBER_OBJECT_CONVERSION = YES_AGGRESSIVE;
				CLANG_CXX_LANGUAGE_STANDARD = "gnu++14";
				CLANG_CXX_LIBRARY = "libc++";
				CLANG_ENABLE_MODULES = YES;
				CLANG_ENABLE_OBJC_ARC = YES;
				CLANG_ENABLE_OBJC_WEAK = YES;
				CLANG_WARN_BLOCK_CAPTURE_AUTORELEASING = YES;
				CLANG_WARN_BOOL_CONVERSION = YES;
				CLANG_WARN_COMMA = YES;
				CLANG_WARN_CONSTANT_CONVERSION = YES;
				CLANG_WARN_DEPRECATED_OBJC_IMPLEMENTATIONS = YES;
				CLANG_WARN_DIRECT_OBJC_ISA_USAGE = YES_ERROR;
				CLANG_WARN_DOCUMENTATION_COMMENTS = YES;
				CLANG_WARN_EMPTY_BODY = YES;
				CLANG_WARN_ENUM_CONVERSION = YES;
				CLANG_WARN_INFINITE_RECURSION = YES;
				CLANG_WARN_INT_CONVERSION = YES;
				CLANG_WARN_NON_LITERAL_NULL_CONVERSION = YES;
				CLANG_WARN_OBJC_IMPLICIT_RETAIN_SELF = YES;
				CLANG_WARN_OBJC_LITERAL_CONVERSION = YES;
				CLANG_WARN_OBJC_ROOT_CLASS = YES_ERROR;
				CLANG_WARN_QUOTED_INCLUDE_IN_FRAMEWORK_HEADER = YES;
				CLANG_WARN_RANGE_LOOP_ANALYSIS = YES;
				CLANG_WARN_STRICT_PROTOTYPES = YES;
				CLANG_WARN_SUSPICIOUS_MOVE = YES;
				CLANG_WARN_UNGUARDED_AVAILABILITY = YES_AGGRESSIVE;
				CLANG_WARN_UNREACHABLE_CODE = YES;
				CLANG_WARN__DUPLICATE_METHOD_MATCH = YES;
				COPY_PHASE_STRIP = NO;
				DEBUG_INFORMATION_FORMAT = dwarf;
				ENABLE_STRICT_OBJC_MSGSEND = YES;
				ENABLE_TESTABILITY = YES;
				GCC_C_LANGUAGE_STANDARD = gnu11;
				GCC_DYNAMIC_NO_PIC = NO;
				GCC_NO_COMMON_BLOCKS = YES;
				GCC_OPTIMIZATION_LEVEL = 0;
				GCC_PREPROCESSOR_DEFINITIONS = (
					"DEBUG=1",
					"$(inherited)",
				);
				GCC_WARN_64_TO_32_BIT_CONVERSION = YES;
				GCC_WARN_ABOUT_RETURN_TYPE = YES_ERROR;
				GCC_WARN_UNDECLARED_SELECTOR = YES;
				GCC_WARN_UNINITIALIZED_AUTOS = YES_AGGRESSIVE;
				GCC_WARN_UNUSED_FUNCTION = YES;
				GCC_WARN_UNUSED_VARIABLE = YES;
				IPHONEOS_DEPLOYMENT_TARGET = 14.2;
				MTL_ENABLE_DEBUG_INFO = INCLUDE_SOURCE;
				MTL_FAST_MATH = YES;
				ONLY_ACTIVE_ARCH = YES;
				SDKROOT = iphoneos;
				SWIFT_ACTIVE_COMPILATION_CONDITIONS = DEBUG;
				SWIFT_OPTIMIZATION_LEVEL = "-Onone";
			};
			name = Debug;
		};
		D37210CD2655B81300935F86 /* Release */ = {
			isa = XCBuildConfiguration;
			buildSettings = {
				ALWAYS_SEARCH_USER_PATHS = NO;
				CLANG_ANALYZER_NONNULL = YES;
				CLANG_ANALYZER_NUMBER_OBJECT_CONVERSION = YES_AGGRESSIVE;
				CLANG_CXX_LANGUAGE_STANDARD = "gnu++14";
				CLANG_CXX_LIBRARY = "libc++";
				CLANG_ENABLE_MODULES = YES;
				CLANG_ENABLE_OBJC_ARC = YES;
				CLANG_ENABLE_OBJC_WEAK = YES;
				CLANG_WARN_BLOCK_CAPTURE_AUTORELEASING = YES;
				CLANG_WARN_BOOL_CONVERSION = YES;
				CLANG_WARN_COMMA = YES;
				CLANG_WARN_CONSTANT_CONVERSION = YES;
				CLANG_WARN_DEPRECATED_OBJC_IMPLEMENTATIONS = YES;
				CLANG_WARN_DIRECT_OBJC_ISA_USAGE = YES_ERROR;
				CLANG_WARN_DOCUMENTATION_COMMENTS = YES;
				CLANG_WARN_EMPTY_BODY = YES;
				CLANG_WARN_ENUM_CONVERSION = YES;
				CLANG_WARN_INFINITE_RECURSION = YES;
				CLANG_WARN_INT_CONVERSION = YES;
				CLANG_WARN_NON_LITERAL_NULL_CONVERSION = YES;
				CLANG_WARN_OBJC_IMPLICIT_RETAIN_SELF = YES;
				CLANG_WARN_OBJC_LITERAL_CONVERSION = YES;
				CLANG_WARN_OBJC_ROOT_CLASS = YES_ERROR;
				CLANG_WARN_QUOTED_INCLUDE_IN_FRAMEWORK_HEADER = YES;
				CLANG_WARN_RANGE_LOOP_ANALYSIS = YES;
				CLANG_WARN_STRICT_PROTOTYPES = YES;
				CLANG_WARN_SUSPICIOUS_MOVE = YES;
				CLANG_WARN_UNGUARDED_AVAILABILITY = YES_AGGRESSIVE;
				CLANG_WARN_UNREACHABLE_CODE = YES;
				CLANG_WARN__DUPLICATE_METHOD_MATCH = YES;
				COPY_PHASE_STRIP = NO;
				DEBUG_INFORMATION_FORMAT = "dwarf-with-dsym";
				ENABLE_NS_ASSERTIONS = NO;
				ENABLE_STRICT_OBJC_MSGSEND = YES;
				GCC_C_LANGUAGE_STANDARD = gnu11;
				GCC_NO_COMMON_BLOCKS = YES;
				GCC_WARN_64_TO_32_BIT_CONVERSION = YES;
				GCC_WARN_ABOUT_RETURN_TYPE = YES_ERROR;
				GCC_WARN_UNDECLARED_SELECTOR = YES;
				GCC_WARN_UNINITIALIZED_AUTOS = YES_AGGRESSIVE;
				GCC_WARN_UNUSED_FUNCTION = YES;
				GCC_WARN_UNUSED_VARIABLE = YES;
				IPHONEOS_DEPLOYMENT_TARGET = 14.2;
				MTL_ENABLE_DEBUG_INFO = NO;
				MTL_FAST_MATH = YES;
				SDKROOT = iphoneos;
				SWIFT_COMPILATION_MODE = wholemodule;
				SWIFT_OPTIMIZATION_LEVEL = "-O";
				VALIDATE_PRODUCT = YES;
			};
			name = Release;
		};
		D37210CF2655B81300935F86 /* Debug */ = {
			isa = XCBuildConfiguration;
			baseConfigurationReference = 85036CC28D5579779AED4E59 /* Pods-ShopifyApp.debug.xcconfig */;
			buildSettings = {
				ASSETCATALOG_COMPILER_APPICON_NAME = AppIcon;
				ASSETCATALOG_COMPILER_GLOBAL_ACCENT_COLOR_NAME = AccentColor;
				CODE_SIGN_STYLE = Automatic;
				DEVELOPMENT_TEAM = W7DFJB5NCS;
				INFOPLIST_FILE = ShopifyApp/Info.plist;
				IPHONEOS_DEPLOYMENT_TARGET = 12.1;
				LD_RUNPATH_SEARCH_PATHS = (
					"$(inherited)",
					"@executable_path/Frameworks",
				);
				PRODUCT_BUNDLE_IDENTIFIER = com.ShopifyApp;
				PRODUCT_NAME = "$(TARGET_NAME)";
				SWIFT_VERSION = 5.0;
				TARGETED_DEVICE_FAMILY = "1,2";
			};
			name = Debug;
		};
		D37210D02655B81300935F86 /* Release */ = {
			isa = XCBuildConfiguration;
			baseConfigurationReference = 71066BE45E12FF94E7039064 /* Pods-ShopifyApp.release.xcconfig */;
			buildSettings = {
				ASSETCATALOG_COMPILER_APPICON_NAME = AppIcon;
				ASSETCATALOG_COMPILER_GLOBAL_ACCENT_COLOR_NAME = AccentColor;
				CODE_SIGN_STYLE = Automatic;
				DEVELOPMENT_TEAM = W7DFJB5NCS;
				INFOPLIST_FILE = ShopifyApp/Info.plist;
				IPHONEOS_DEPLOYMENT_TARGET = 12.1;
				LD_RUNPATH_SEARCH_PATHS = (
					"$(inherited)",
					"@executable_path/Frameworks",
				);
				PRODUCT_BUNDLE_IDENTIFIER = com.ShopifyApp;
				PRODUCT_NAME = "$(TARGET_NAME)";
				SWIFT_VERSION = 5.0;
				TARGETED_DEVICE_FAMILY = "1,2";
			};
			name = Release;
		};
		D37210D22655B81300935F86 /* Debug */ = {
			isa = XCBuildConfiguration;
			baseConfigurationReference = 78535481158D8E91529DF7D1 /* Pods-ShopifyAppTests.debug.xcconfig */;
			buildSettings = {
				ALWAYS_EMBED_SWIFT_STANDARD_LIBRARIES = YES;
				BUNDLE_LOADER = "$(TEST_HOST)";
				CODE_SIGN_STYLE = Automatic;
				DEVELOPMENT_TEAM = W7DFJB5NCS;
				INFOPLIST_FILE = ShopifyAppTests/Info.plist;
				IPHONEOS_DEPLOYMENT_TARGET = 14.2;
				LD_RUNPATH_SEARCH_PATHS = (
					"$(inherited)",
					"@executable_path/Frameworks",
					"@loader_path/Frameworks",
				);
				PRODUCT_BUNDLE_IDENTIFIER = com.ShopifyAppTests;
				PRODUCT_NAME = "$(TARGET_NAME)";
				SWIFT_VERSION = 5.0;
				TARGETED_DEVICE_FAMILY = "1,2";
				TEST_HOST = "$(BUILT_PRODUCTS_DIR)/ShopifyApp.app/ShopifyApp";
			};
			name = Debug;
		};
		D37210D32655B81300935F86 /* Release */ = {
			isa = XCBuildConfiguration;
			baseConfigurationReference = ACD3D1608BE6D0B2B978E020 /* Pods-ShopifyAppTests.release.xcconfig */;
			buildSettings = {
				ALWAYS_EMBED_SWIFT_STANDARD_LIBRARIES = YES;
				BUNDLE_LOADER = "$(TEST_HOST)";
				CODE_SIGN_STYLE = Automatic;
				DEVELOPMENT_TEAM = W7DFJB5NCS;
				INFOPLIST_FILE = ShopifyAppTests/Info.plist;
				IPHONEOS_DEPLOYMENT_TARGET = 14.2;
				LD_RUNPATH_SEARCH_PATHS = (
					"$(inherited)",
					"@executable_path/Frameworks",
					"@loader_path/Frameworks",
				);
				PRODUCT_BUNDLE_IDENTIFIER = com.ShopifyAppTests;
				PRODUCT_NAME = "$(TARGET_NAME)";
				SWIFT_VERSION = 5.0;
				TARGETED_DEVICE_FAMILY = "1,2";
				TEST_HOST = "$(BUILT_PRODUCTS_DIR)/ShopifyApp.app/ShopifyApp";
			};
			name = Release;
		};
		D37210D52655B81300935F86 /* Debug */ = {
			isa = XCBuildConfiguration;
			baseConfigurationReference = C6C66D5016C09C7613674918 /* Pods-ShopifyApp-ShopifyAppUITests.debug.xcconfig */;
			buildSettings = {
				ALWAYS_EMBED_SWIFT_STANDARD_LIBRARIES = YES;
				CODE_SIGN_STYLE = Automatic;
				DEVELOPMENT_TEAM = W7DFJB5NCS;
				INFOPLIST_FILE = ShopifyAppUITests/Info.plist;
				LD_RUNPATH_SEARCH_PATHS = (
					"$(inherited)",
					"@executable_path/Frameworks",
					"@loader_path/Frameworks",
				);
				PRODUCT_BUNDLE_IDENTIFIER = com.ShopifyAppUITests;
				PRODUCT_NAME = "$(TARGET_NAME)";
				SWIFT_VERSION = 5.0;
				TARGETED_DEVICE_FAMILY = "1,2";
				TEST_TARGET_NAME = ShopifyApp;
			};
			name = Debug;
		};
		D37210D62655B81300935F86 /* Release */ = {
			isa = XCBuildConfiguration;
			baseConfigurationReference = A5D74218A6BD87316BB8F71D /* Pods-ShopifyApp-ShopifyAppUITests.release.xcconfig */;
			buildSettings = {
				ALWAYS_EMBED_SWIFT_STANDARD_LIBRARIES = YES;
				CODE_SIGN_STYLE = Automatic;
				DEVELOPMENT_TEAM = W7DFJB5NCS;
				INFOPLIST_FILE = ShopifyAppUITests/Info.plist;
				LD_RUNPATH_SEARCH_PATHS = (
					"$(inherited)",
					"@executable_path/Frameworks",
					"@loader_path/Frameworks",
				);
				PRODUCT_BUNDLE_IDENTIFIER = com.ShopifyAppUITests;
				PRODUCT_NAME = "$(TARGET_NAME)";
				SWIFT_VERSION = 5.0;
				TARGETED_DEVICE_FAMILY = "1,2";
				TEST_TARGET_NAME = ShopifyApp;
			};
			name = Release;
		};
/* End XCBuildConfiguration section */

/* Begin XCConfigurationList section */
		D372109F2655B81100935F86 /* Build configuration list for PBXProject "ShopifyApp" */ = {
			isa = XCConfigurationList;
			buildConfigurations = (
				D37210CC2655B81300935F86 /* Debug */,
				D37210CD2655B81300935F86 /* Release */,
			);
			defaultConfigurationIsVisible = 0;
			defaultConfigurationName = Release;
		};
		D37210CE2655B81300935F86 /* Build configuration list for PBXNativeTarget "ShopifyApp" */ = {
			isa = XCConfigurationList;
			buildConfigurations = (
				D37210CF2655B81300935F86 /* Debug */,
				D37210D02655B81300935F86 /* Release */,
			);
			defaultConfigurationIsVisible = 0;
			defaultConfigurationName = Release;
		};
		D37210D12655B81300935F86 /* Build configuration list for PBXNativeTarget "ShopifyAppTests" */ = {
			isa = XCConfigurationList;
			buildConfigurations = (
				D37210D22655B81300935F86 /* Debug */,
				D37210D32655B81300935F86 /* Release */,
			);
			defaultConfigurationIsVisible = 0;
			defaultConfigurationName = Release;
		};
		D37210D42655B81300935F86 /* Build configuration list for PBXNativeTarget "ShopifyAppUITests" */ = {
			isa = XCConfigurationList;
			buildConfigurations = (
				D37210D52655B81300935F86 /* Debug */,
				D37210D62655B81300935F86 /* Release */,
			);
			defaultConfigurationIsVisible = 0;
			defaultConfigurationName = Release;
		};
/* End XCConfigurationList section */
	};
	rootObject = D372109C2655B81100935F86 /* Project object */;
}
